// !$*UTF8*$!
{
	archiveVersion = 1;
	classes = {
	};
	objectVersion = 46;
	objects = {

/* Begin PBXBuildFile section */
		CE7029BD1CABDC9C00EB0A83 /* AppDelegate.swift in Sources */ = {isa = PBXBuildFile; fileRef = CE7029BC1CABDC9C00EB0A83 /* AppDelegate.swift */; };
		CE7029BF1CABDC9C00EB0A83 /* ViewController.swift in Sources */ = {isa = PBXBuildFile; fileRef = CE7029BE1CABDC9C00EB0A83 /* ViewController.swift */; };
		CE7029C21CABDC9C00EB0A83 /* Main.storyboard in Resources */ = {isa = PBXBuildFile; fileRef = CE7029C01CABDC9C00EB0A83 /* Main.storyboard */; };
		CE7029C41CABDC9C00EB0A83 /* Assets.xcassets in Resources */ = {isa = PBXBuildFile; fileRef = CE7029C31CABDC9C00EB0A83 /* Assets.xcassets */; };
		CE7029C71CABDC9C00EB0A83 /* LaunchScreen.storyboard in Resources */ = {isa = PBXBuildFile; fileRef = CE7029C51CABDC9C00EB0A83 /* LaunchScreen.storyboard */; };
/* End PBXBuildFile section */

/* Begin PBXFileReference section */
		CE7029B91CABDC9C00EB0A83 /* Test.app */ = {isa = PBXFileReference; explicitFileType = wrapper.application; includeInIndex = 0; path = Test.app; sourceTree = BUILT_PRODUCTS_DIR; };
		CE7029BC1CABDC9C00EB0A83 /* AppDelegate.swift */ = {isa = PBXFileReference; lastKnownFileType = sourcecode.swift; path = AppDelegate.swift; sourceTree = "<group>"; };
		CE7029BE1CABDC9C00EB0A83 /* ViewController.swift */ = {isa = PBXFileReference; lastKnownFileType = sourcecode.swift; path = ViewController.swift; sourceTree = "<group>"; };
		CE7029C11CABDC9C00EB0A83 /* Base */ = {isa = PBXFileReference; lastKnownFileType = file.storyboard; name = Base; path = Base.lproj/Main.storyboard; sourceTree = "<group>"; };
		CE7029C31CABDC9C00EB0A83 /* Assets.xcassets */ = {isa = PBXFileReference; lastKnownFileType = folder.assetcatalog; path = Assets.xcassets; sourceTree = "<group>"; };
		CE7029C61CABDC9C00EB0A83 /* Base */ = {isa = PBXFileReference; lastKnownFileType = file.storyboard; name = Base; path = Base.lproj/LaunchScreen.storyboard; sourceTree = "<group>"; };
		CE7029C81CABDC9C00EB0A83 /* Info.plist */ = {isa = PBXFileReference; lastKnownFileType = text.plist.xml; path = Info.plist; sourceTree = "<group>"; };
/* End PBXFileReference section */

/* Begin PBXFrameworksBuildPhase section */
		CE7029B61CABDC9C00EB0A83 /* Frameworks */ = {
			isa = PBXFrameworksBuildPhase;
			buildActionMask = 2147483647;
			files = (
			);
			runOnlyForDeploymentPostprocessing = 0;
		};
/* End PBXFrameworksBuildPhase section */

/* Begin PBXGroup section */
		CE7029B01CABDC9C00EB0A83 = {
			isa = PBXGroup;
			children = (
				CE7029BB1CABDC9C00EB0A83 /* Test */,
				CE7029BA1CABDC9C00EB0A83 /* Products */,
			);
			sourceTree = "<group>";
		};
		CE7029BA1CABDC9C00EB0A83 /* Products */ = {
			isa = PBXGroup;
			children = (
				CE7029B91CABDC9C00EB0A83 /* Test.app */,
			);
			name = Products;
			sourceTree = "<group>";
		};
		CE7029BB1CABDC9C00EB0A83 /* Test */ = {
			isa = PBXGroup;
			children = (
				CE7029BC1CABDC9C00EB0A83 /* AppDelegate.swift */,
				CE7029BE1CABDC9C00EB0A83 /* ViewController.swift */,
				CE7029C01CABDC9C00EB0A83 /* Main.storyboard */,
				CE7029C31CABDC9C00EB0A83 /* Assets.xcassets */,
				CE7029C51CABDC9C00EB0A83 /* LaunchScreen.storyboard */,
				CE7029C81CABDC9C00EB0A83 /* Info.plist */,
			);
			path = Test;
			sourceTree = "<group>";
		};
/* End PBXGroup section */

/* Begin PBXNativeTarget section */
		CE7029B81CABDC9C00EB0A83 /* Test */ = {
			isa = PBXNativeTarget;
			buildConfigurationList = CE7029CB1CABDC9C00EB0A83 /* Build configuration list for PBXNativeTarget "Test" */;
			buildPhases = (
				CE7029B51CABDC9C00EB0A83 /* Sources */,
				CE7029B61CABDC9C00EB0A83 /* Frameworks */,
				CE7029B71CABDC9C00EB0A83 /* Resources */,
			);
			buildRules = (
			);
			dependencies = (
			);
			name = Test;
			productName = Test;
			productReference = CE7029B91CABDC9C00EB0A83 /* Test.app */;
			productType = "com.apple.product-type.application";
		};
/* End PBXNativeTarget section */

/* Begin PBXProject section */
		CE7029B11CABDC9C00EB0A83 /* Project object */ = {
			isa = PBXProject;
			attributes = {
				LastSwiftUpdateCheck = 0720;
				LastUpgradeCheck = 0720;
				ORGANIZATIONNAME = Akvelon;
				TargetAttributes = {
					CE7029B81CABDC9C00EB0A83 = {
						CreatedOnToolsVersion = 7.2.1;
					};
				};
			};
			buildConfigurationList = CE7029B41CABDC9C00EB0A83 /* Build configuration list for PBXProject "Test" */;
			compatibilityVersion = "Xcode 3.2";
			developmentRegion = English;
			hasScannedForEncodings = 0;
			knownRegions = (
				en,
				Base,
			);
			mainGroup = CE7029B01CABDC9C00EB0A83;
			productRefGroup = CE7029BA1CABDC9C00EB0A83 /* Products */;
			projectDirPath = "";
			projectRoot = "";
			targets = (
				CE7029B81CABDC9C00EB0A83 /* Test */,
			);
		};
/* End PBXProject section */

/* Begin PBXResourcesBuildPhase section */
		CE7029B71CABDC9C00EB0A83 /* Resources */ = {
			isa = PBXResourcesBuildPhase;
			buildActionMask = 2147483647;
			files = (
				CE7029C71CABDC9C00EB0A83 /* LaunchScreen.storyboard in Resources */,
				CE7029C41CABDC9C00EB0A83 /* Assets.xcassets in Resources */,
				CE7029C21CABDC9C00EB0A83 /* Main.storyboard in Resources */,
			);
			runOnlyForDeploymentPostprocessing = 0;
		};
/* End PBXResourcesBuildPhase section */

/* Begin PBXSourcesBuildPhase section */
		CE7029B51CABDC9C00EB0A83 /* Sources */ = {
			isa = PBXSourcesBuildPhase;
			buildActionMask = 2147483647;
			files = (
				CE7029BF1CABDC9C00EB0A83 /* ViewController.swift in Sources */,
				CE7029BD1CABDC9C00EB0A83 /* AppDelegate.swift in Sources */,
			);
			runOnlyForDeploymentPostprocessing = 0;
		};
/* End PBXSourcesBuildPhase section */

/* Begin PBXVariantGroup section */
		CE7029C01CABDC9C00EB0A83 /* Main.storyboard */ = {
			isa = PBXVariantGroup;
			children = (
				CE7029C11CABDC9C00EB0A83 /* Base */,
			);
			name = Main.storyboard;
			sourceTree = "<group>";
		};
		CE7029C51CABDC9C00EB0A83 /* LaunchScreen.storyboard */ = {
			isa = PBXVariantGroup;
			children = (
				CE7029C61CABDC9C00EB0A83 /* Base */,
			);
			name = LaunchScreen.storyboard;
			sourceTree = "<group>";
		};
/* End PBXVariantGroup section */

/* Begin XCBuildConfiguration section */
		CE7029C91CABDC9C00EB0A83 /* Debug */ = {
			isa = XCBuildConfiguration;
			buildSettings = {
				ALWAYS_SEARCH_USER_PATHS = NO;
				CLANG_CXX_LANGUAGE_STANDARD = "gnu++0x";
				CLANG_CXX_LIBRARY = "libc++";
				CLANG_ENABLE_MODULES = YES;
				CLANG_ENABLE_OBJC_ARC = YES;
				CLANG_WARN_BOOL_CONVERSION = YES;
				CLANG_WARN_CONSTANT_CONVERSION = YES;
				CLANG_WARN_DIRECT_OBJC_ISA_USAGE = YES_ERROR;
				CLANG_WARN_EMPTY_BODY = YES;
				CLANG_WARN_ENUM_CONVERSION = YES;
				CLANG_WARN_INT_CONVERSION = YES;
				CLANG_WARN_OBJC_ROOT_CLASS = YES_ERROR;
				CLANG_WARN_UNREACHABLE_CODE = YES;
				CLANG_WARN__DUPLICATE_METHOD_MATCH = YES;
				"CODE_SIGN_IDENTITY[sdk=iphoneos*]" = "iPhone Developer";
				COPY_PHASE_STRIP = NO;
				DEBUG_INFORMATION_FORMAT = dwarf;
				ENABLE_STRICT_OBJC_MSGSEND = YES;
				ENABLE_TESTABILITY = YES;
				GCC_C_LANGUAGE_STANDARD = gnu99;
				GCC_DYNAMIC_NO_PIC = NO;
				GCC_NO_COMMON_BLOCKS = YES;
				GCC_OPTIMIZATION_LEVEL = 0;
				GCC_PREPROCESSOR_DEFINITIONS = (
					"DEBUG=1",
					"$(inherited)",
				);
				GCC_WARN_64_TO_32_BIT_CONVERSION = YES;
				GCC_WARN_ABOUT_RETURN_TYPE = YES_ERROR;
				GCC_WARN_UNDECLARED_SELECTOR = YES;
				GCC_WARN_UNINITIALIZED_AUTOS = YES_AGGRESSIVE;
				GCC_WARN_UNUSED_FUNCTION = YES;
				GCC_WARN_UNUSED_VARIABLE = YES;
				IPHONEOS_DEPLOYMENT_TARGET = 9.2;
				MTL_ENABLE_DEBUG_INFO = YES;
				ONLY_ACTIVE_ARCH = YES;
				SDKROOT = iphoneos;
				SWIFT_OPTIMIZATION_LEVEL = "-Onone";
				TARGETED_DEVICE_FAMILY = "1,2";
			};
			name = Debug;
		};
		CE7029CA1CABDC9C00EB0A83 /* Release */ = {
			isa = XCBuildConfiguration;
			buildSettings = {
				ALWAYS_SEARCH_USER_PATHS = NO;
				CLANG_CXX_LANGUAGE_STANDARD = "gnu++0x";
				CLANG_CXX_LIBRARY = "libc++";
				CLANG_ENABLE_MODULES = YES;
				CLANG_ENABLE_OBJC_ARC = YES;
				CLANG_WARN_BOOL_CONVERSION = YES;
				CLANG_WARN_CONSTANT_CONVERSION = YES;
				CLANG_WARN_DIRECT_OBJC_ISA_USAGE = YES_ERROR;
				CLANG_WARN_EMPTY_BODY = YES;
				CLANG_WARN_ENUM_CONVERSION = YES;
				CLANG_WARN_INT_CONVERSION = YES;
				CLANG_WARN_OBJC_ROOT_CLASS = YES_ERROR;
				CLANG_WARN_UNREACHABLE_CODE = YES;
				CLANG_WARN__DUPLICATE_METHOD_MATCH = YES;
				"CODE_SIGN_IDENTITY[sdk=iphoneos*]" = "iPhone Developer";
				COPY_PHASE_STRIP = NO;
				DEBUG_INFORMATION_FORMAT = "dwarf-with-dsym";
				ENABLE_NS_ASSERTIONS = NO;
				ENABLE_STRICT_OBJC_MSGSEND = YES;
				GCC_C_LANGUAGE_STANDARD = gnu99;
				GCC_NO_COMMON_BLOCKS = YES;
				GCC_WARN_64_TO_32_BIT_CONVERSION = YES;
				GCC_WARN_ABOUT_RETURN_TYPE = YES_ERROR;
				GCC_WARN_UNDECLARED_SELECTOR = YES;
				GCC_WARN_UNINITIALIZED_AUTOS = YES_AGGRESSIVE;
				GCC_WARN_UNUSED_FUNCTION = YES;
				GCC_WARN_UNUSED_VARIABLE = YES;
				IPHONEOS_DEPLOYMENT_TARGET = 9.2;
				MTL_ENABLE_DEBUG_INFO = NO;
				SDKROOT = iphoneos;
				TARGETED_DEVICE_FAMILY = "1,2";
				VALIDATE_PRODUCT = YES;
			};
			name = Release;
		};
		CE7029CC1CABDC9C00EB0A83 /* Debug */ = {
			isa = XCBuildConfiguration;
			buildSettings = {
				ASSETCATALOG_COMPILER_APPICON_NAME = AppIcon;
				INFOPLIST_FILE = Test/Info.plist;
				LD_RUNPATH_SEARCH_PATHS = "$(inherited) @executable_path/Frameworks";
				PRODUCT_BUNDLE_IDENTIFIER = Akvelon.Test;
				PRODUCT_NAME = "$(TARGET_NAME)";
			};
			name = Debug;
		};
		CE7029CD1CABDC9C00EB0A83 /* Release */ = {
			isa = XCBuildConfiguration;
			buildSettings = {
				ASSETCATALOG_COMPILER_APPICON_NAME = AppIcon;
				INFOPLIST_FILE = Test/Info.plist;
				LD_RUNPATH_SEARCH_PATHS = "$(inherited) @executable_path/Frameworks";
				PRODUCT_BUNDLE_IDENTIFIER = Akvelon.Test;
				PRODUCT_NAME = "$(TARGET_NAME)";
			};
			name = Release;
		};
/* End XCBuildConfiguration section */

/* Begin XCConfigurationList section */
		CE7029B41CABDC9C00EB0A83 /* Build configuration list for PBXProject "Test" */ = {
			isa = XCConfigurationList;
			buildConfigurations = (
				CE7029C91CABDC9C00EB0A83 /* Debug */,
				CE7029CA1CABDC9C00EB0A83 /* Release */,
			);
			defaultConfigurationIsVisible = 0;
			defaultConfigurationName = Release;
		};
		CE7029CB1CABDC9C00EB0A83 /* Build configuration list for PBXNativeTarget "Test" */ = {
			isa = XCConfigurationList;
			buildConfigurations = (
				CE7029CC1CABDC9C00EB0A83 /* Debug */,
				CE7029CD1CABDC9C00EB0A83 /* Release */,
			);
			defaultConfigurationIsVisible = 0;
		};
/* End XCConfigurationList section */
	};
	rootObject = CE7029B11CABDC9C00EB0A83 /* Project object */;
}
